
Microsoft Visual Studio Solution File, Format Version 12.00
# Visual Studio Version 17
VisualStudioVersion = 17.11.35312.102
MinimumVisualStudioVersion = 10.0.40219.1
Project("{FAE04EC0-301F-11D3-BF4B-00C04F79EFBC}") = "CompanyApp.API", "CompanyApp.API\CompanyApp.API.csproj", "{F81BF04A-6874-429B-B06D-C8E8AED382D4}"
EndProject
Project("{FAE04EC0-301F-11D3-BF4B-00C04F79EFBC}") = "CompanyApp.Domain", "CompanyApp.Domain\CompanyApp.Domain.csproj", "{CA8FF32B-ABDD-4C31-97DB-B32AA876412F}"
EndProject
Project("{FAE04EC0-301F-11D3-BF4B-00C04F79EFBC}") = "CompanyApp.Database", "CompanyApp.Database\CompanyApp.Database.csproj", "{7E1B687F-B916-4071-B3ED-0CE5D481C75D}"
EndProject
Project("{FAE04EC0-301F-11D3-BF4B-00C04F79EFBC}") = "CompanyApp.Infrastructure", "CompanyApp.Infrastructure\CompanyApp.Infrastructure.csproj", "{988C759C-661F-4D66-A8CD-2F400B864A63}"
EndProject
Project("{2150E333-8FDC-42A3-9474-1A3956D46DE8}") = "Tests", "Tests", "{A9622C4E-FF8A-4DE0-84AC-EA50990B08EC}"
EndProject
Project("{FAE04EC0-301F-11D3-BF4B-00C04F79EFBC}") = "CompanyApp.Infrastructure.Tests", "Tests\CompanyApp.Infrastructure.Tests\CompanyApp.Infrastructure.Tests.csproj", "{EC1D9E19-E99E-4E63-9718-53578940CC64}"
EndProject
Global
	GlobalSection(SolutionConfigurationPlatforms) = preSolution
		Debug|Any CPU = Debug|Any CPU
		Release|Any CPU = Release|Any CPU
	EndGlobalSection
	GlobalSection(ProjectConfigurationPlatforms) = postSolution
		{F81BF04A-6874-429B-B06D-C8E8AED382D4}.Debug|Any CPU.ActiveCfg = Debug|Any CPU
		{F81BF04A-6874-429B-B06D-C8E8AED382D4}.Debug|Any CPU.Build.0 = Debug|Any CPU
		{F81BF04A-6874-429B-B06D-C8E8AED382D4}.Release|Any CPU.ActiveCfg = Release|Any CPU
		{F81BF04A-6874-429B-B06D-C8E8AED382D4}.Release|Any CPU.Build.0 = Release|Any CPU
		{CA8FF32B-ABDD-4C31-97DB-B32AA876412F}.Debug|Any CPU.ActiveCfg = Debug|Any CPU
		{CA8FF32B-ABDD-4C31-97DB-B32AA876412F}.Debug|Any CPU.Build.0 = Debug|Any CPU
		{CA8FF32B-ABDD-4C31-97DB-B32AA876412F}.Release|Any CPU.ActiveCfg = Release|Any CPU
		{CA8FF32B-ABDD-4C31-97DB-B32AA876412F}.Release|Any CPU.Build.0 = Release|Any CPU
		{7E1B687F-B916-4071-B3ED-0CE5D481C75D}.Debug|Any CPU.ActiveCfg = Debug|Any CPU
		{7E1B687F-B916-4071-B3ED-0CE5D481C75D}.Debug|Any CPU.Build.0 = Debug|Any CPU
		{7E1B687F-B916-4071-B3ED-0CE5D481C75D}.Release|Any CPU.ActiveCfg = Release|Any CPU
		{7E1B687F-B916-4071-B3ED-0CE5D481C75D}.Release|Any CPU.Build.0 = Release|Any CPU
		{988C759C-661F-4D66-A8CD-2F400B864A63}.Debug|Any CPU.ActiveCfg = Debug|Any CPU
		{988C759C-661F-4D66-A8CD-2F400B864A63}.Debug|Any CPU.Build.0 = Debug|Any CPU
		{988C759C-661F-4D66-A8CD-2F400B864A63}.Release|Any CPU.ActiveCfg = Release|Any CPU
		{988C759C-661F-4D66-A8CD-2F400B864A63}.Release|Any CPU.Build.0 = Release|Any CPU
		{EC1D9E19-E99E-4E63-9718-53578940CC64}.Debug|Any CPU.ActiveCfg = Debug|Any CPU
		{EC1D9E19-E99E-4E63-9718-53578940CC64}.Debug|Any CPU.Build.0 = Debug|Any CPU
		{EC1D9E19-E99E-4E63-9718-53578940CC64}.Release|Any CPU.ActiveCfg = Release|Any CPU
		{EC1D9E19-E99E-4E63-9718-53578940CC64}.Release|Any CPU.Build.0 = Release|Any CPU
	EndGlobalSection
	GlobalSection(SolutionProperties) = preSolution
		HideSolutionNode = FALSE
	EndGlobalSection
	GlobalSection(NestedProjects) = preSolution
		{EC1D9E19-E99E-4E63-9718-53578940CC64} = {A9622C4E-FF8A-4DE0-84AC-EA50990B08EC}
	EndGlobalSection
	GlobalSection(ExtensibilityGlobals) = postSolution
		SolutionGuid = {3A275928-3A42-4EBD-B012-9A93B0EBC85A}
	EndGlobalSection
EndGlobal
