
Microsoft Visual Studio Solution File, Format Version 12.00
# Visual Studio Version 17
VisualStudioVersion = 17.11.35312.102
MinimumVisualStudioVersion = 10.0.40219.1
Project("{FAE04EC0-301F-11D3-BF4B-00C04F79EFBC}") = "CompanyApp.API", "CompanyApp.API\CompanyApp.API.csproj", "{F81BF04A-6874-429B-B06D-C8E8AED382D4}"
EndProject
Project("{FAE04EC0-301F-11D3-BF4B-00C04F79EFBC}") = "CompanyApp.Domain", "CompanyApp.Domain\CompanyApp.Domain.csproj", "{CA8FF32B-ABDD-4C31-97DB-B32AA876412F}"
EndProject
Global
	GlobalSection(SolutionConfigurationPlatforms) = preSolution
		Debug|Any CPU = Debug|Any CPU
		Release|Any CPU = Release|Any CPU
	EndGlobalSection
	GlobalSection(ProjectConfigurationPlatforms) = postSolution
		{F81BF04A-6874-429B-B06D-C8E8AED382D4}.Debug|Any CPU.ActiveCfg = Debug|Any CPU
		{F81BF04A-6874-429B-B06D-C8E8AED382D4}.Debug|Any CPU.Build.0 = Debug|Any CPU
		{F81BF04A-6874-429B-B06D-C8E8AED382D4}.Release|Any CPU.ActiveCfg = Release|Any CPU
		{F81BF04A-6874-429B-B06D-C8E8AED382D4}.Release|Any CPU.Build.0 = Release|Any CPU
		{CA8FF32B-ABDD-4C31-97DB-B32AA876412F}.Debug|Any CPU.ActiveCfg = Debug|Any CPU
		{CA8FF32B-ABDD-4C31-97DB-B32AA876412F}.Debug|Any CPU.Build.0 = Debug|Any CPU
		{CA8FF32B-ABDD-4C31-97DB-B32AA876412F}.Release|Any CPU.ActiveCfg = Release|Any CPU
		{CA8FF32B-ABDD-4C31-97DB-B32AA876412F}.Release|Any CPU.Build.0 = Release|Any CPU
	EndGlobalSection
	GlobalSection(SolutionProperties) = preSolution
		HideSolutionNode = FALSE
	EndGlobalSection
	GlobalSection(ExtensibilityGlobals) = postSolution
		SolutionGuid = {3A275928-3A42-4EBD-B012-9A93B0EBC85A}
	EndGlobalSection
EndGlobal
